PODS:
  - Bolts (1.1.5):
    - Bolts/AppLinks (= 1.1.5)
    - Bolts/Tasks (= 1.1.5)
  - Bolts/AppLinks (1.1.5):
    - Bolts/Tasks
  - Bolts/Tasks (1.1.5)
  - Parse (1.5.0):
    - Bolts (~> 1.1.3)

DEPENDENCIES:
  - Parse (~> 1.5.0)

SPEC CHECKSUMS:
  Bolts: aac24961496d504aa56fc267cde95162a71bac39
  Parse: ff09feee2e7a1439d44bc59cbda7203f9706713b

COCOAPODS: 0.39.0
